// !$*UTF8*$!
{
	archiveVersion = 1;
	classes = {
	};
	objectVersion = 50;
	objects = {

/* Begin PBXBuildFile section */
		BB17E78823C3B0EA0089EE9F /* User.swift in Sources */ = {isa = PBXBuildFile; fileRef = BB17E78723C3B0EA0089EE9F /* User.swift */; };
		BB17E79A23C3E3210089EE9F /* WalkthroughViewController.swift in Sources */ = {isa = PBXBuildFile; fileRef = BB17E79923C3E3210089EE9F /* WalkthroughViewController.swift */; };
		BB17E79C23C3E34B0089EE9F /* WalkthroughPageViewController.swift in Sources */ = {isa = PBXBuildFile; fileRef = BB17E79B23C3E34B0089EE9F /* WalkthroughPageViewController.swift */; };
		BB17E7A323C3E4C10089EE9F /* WalkthroughPageModel.swift in Sources */ = {isa = PBXBuildFile; fileRef = BB17E7A223C3E4C10089EE9F /* WalkthroughPageModel.swift */; };
		BB17E7A523C3E5AC0089EE9F /* OnboardingViewController.swift in Sources */ = {isa = PBXBuildFile; fileRef = BB17E7A423C3E5AC0089EE9F /* OnboardingViewController.swift */; };
		BB17E7A923C3ECFD0089EE9F /* UIImage.swift in Sources */ = {isa = PBXBuildFile; fileRef = BB17E7A623C3ECFC0089EE9F /* UIImage.swift */; };
		BB17E7AA23C3ECFD0089EE9F /* UIViewController.swift in Sources */ = {isa = PBXBuildFile; fileRef = BB17E7A723C3ECFD0089EE9F /* UIViewController.swift */; };
		BB17E7AB23C3ECFD0089EE9F /* UIColor.swift in Sources */ = {isa = PBXBuildFile; fileRef = BB17E7A823C3ECFD0089EE9F /* UIColor.swift */; };
		BB17E7AD23C3ED7F0089EE9F /* WalkthroughPageViewController.xib in Resources */ = {isa = PBXBuildFile; fileRef = BB17E7AC23C3ED7F0089EE9F /* WalkthroughPageViewController.xib */; };
		BB17E7AF23C3ED8F0089EE9F /* WalkthroughViewController.xib in Resources */ = {isa = PBXBuildFile; fileRef = BB17E7AE23C3ED8F0089EE9F /* WalkthroughViewController.xib */; };
		BB17E7B323C4096F0089EE9F /* Launch.storyboard in Resources */ = {isa = PBXBuildFile; fileRef = BB17E7B223C4096F0089EE9F /* Launch.storyboard */; };
		FB565C5F23C3CD8B00F8DE18 /* UserRepresentation.swift in Sources */ = {isa = PBXBuildFile; fileRef = FB565C5E23C3CD8B00F8DE18 /* UserRepresentation.swift */; };
		FB565C6123C3CEBB00F8DE18 /* CoreDataStack.swift in Sources */ = {isa = PBXBuildFile; fileRef = FB565C6023C3CEBB00F8DE18 /* CoreDataStack.swift */; };
		FB565C6523C3D5AB00F8DE18 /* FitnessClassRepresentation.swift in Sources */ = {isa = PBXBuildFile; fileRef = FB565C6423C3D5AB00F8DE18 /* FitnessClassRepresentation.swift */; };
		FB565C6723C3D64E00F8DE18 /* Class+Convenience.swift in Sources */ = {isa = PBXBuildFile; fileRef = FB565C6623C3D64E00F8DE18 /* Class+Convenience.swift */; };
		FB85331823C3AD0F0080F651 /* AppDelegate.swift in Sources */ = {isa = PBXBuildFile; fileRef = FB85331723C3AD0F0080F651 /* AppDelegate.swift */; };
		FB85331A23C3AD0F0080F651 /* SceneDelegate.swift in Sources */ = {isa = PBXBuildFile; fileRef = FB85331923C3AD0F0080F651 /* SceneDelegate.swift */; };
		FB85331C23C3AD0F0080F651 /* LoginViewController.swift in Sources */ = {isa = PBXBuildFile; fileRef = FB85331B23C3AD0F0080F651 /* LoginViewController.swift */; };
		FB85331F23C3AD0F0080F651 /* Main.storyboard in Resources */ = {isa = PBXBuildFile; fileRef = FB85331D23C3AD0F0080F651 /* Main.storyboard */; };
		FB85332123C3AD130080F651 /* Assets.xcassets in Resources */ = {isa = PBXBuildFile; fileRef = FB85332023C3AD130080F651 /* Assets.xcassets */; };
		FB85332423C3AD130080F651 /* LaunchScreen.storyboard in Resources */ = {isa = PBXBuildFile; fileRef = FB85332223C3AD130080F651 /* LaunchScreen.storyboard */; };
		FB85332D23C3C0AF0080F651 /* AnywhereFitness.xcdatamodeld in Sources */ = {isa = PBXBuildFile; fileRef = FB85332B23C3C0AF0080F651 /* AnywhereFitness.xcdatamodeld */; };
		FB85332F23C3C9690080F651 /* User+Convenience.swift in Sources */ = {isa = PBXBuildFile; fileRef = FB85332E23C3C9690080F651 /* User+Convenience.swift */; };
		FBF2060023C589B800532C78 /* SignUpController.swift in Sources */ = {isa = PBXBuildFile; fileRef = FBF205FF23C589B800532C78 /* SignUpController.swift */; };
		FBF2060223C5A22C00532C78 /* UserController.swift in Sources */ = {isa = PBXBuildFile; fileRef = FBF2060123C5A22C00532C78 /* UserController.swift */; };
		FBF2060523C5A30300532C78 /* DatabaseController.swift in Sources */ = {isa = PBXBuildFile; fileRef = FBF2060423C5A30300532C78 /* DatabaseController.swift */; };
		FBF2060723C5A91700532C78 /* id.swift in Sources */ = {isa = PBXBuildFile; fileRef = FBF2060623C5A91700532C78 /* id.swift */; };
/* End PBXBuildFile section */

/* Begin PBXFileReference section */
		BB17E78723C3B0EA0089EE9F /* User.swift */ = {isa = PBXFileReference; lastKnownFileType = sourcecode.swift; path = User.swift; sourceTree = "<group>"; };
		BB17E79923C3E3210089EE9F /* WalkthroughViewController.swift */ = {isa = PBXFileReference; lastKnownFileType = sourcecode.swift; path = WalkthroughViewController.swift; sourceTree = "<group>"; };
		BB17E79B23C3E34B0089EE9F /* WalkthroughPageViewController.swift */ = {isa = PBXFileReference; lastKnownFileType = sourcecode.swift; path = WalkthroughPageViewController.swift; sourceTree = "<group>"; };
		BB17E7A223C3E4C10089EE9F /* WalkthroughPageModel.swift */ = {isa = PBXFileReference; lastKnownFileType = sourcecode.swift; path = WalkthroughPageModel.swift; sourceTree = "<group>"; };
		BB17E7A423C3E5AC0089EE9F /* OnboardingViewController.swift */ = {isa = PBXFileReference; lastKnownFileType = sourcecode.swift; path = OnboardingViewController.swift; sourceTree = "<group>"; };
		BB17E7A623C3ECFC0089EE9F /* UIImage.swift */ = {isa = PBXFileReference; fileEncoding = 4; lastKnownFileType = sourcecode.swift; path = UIImage.swift; sourceTree = "<group>"; };
		BB17E7A723C3ECFD0089EE9F /* UIViewController.swift */ = {isa = PBXFileReference; fileEncoding = 4; lastKnownFileType = sourcecode.swift; path = UIViewController.swift; sourceTree = "<group>"; };
		BB17E7A823C3ECFD0089EE9F /* UIColor.swift */ = {isa = PBXFileReference; fileEncoding = 4; lastKnownFileType = sourcecode.swift; path = UIColor.swift; sourceTree = "<group>"; };
		BB17E7AC23C3ED7F0089EE9F /* WalkthroughPageViewController.xib */ = {isa = PBXFileReference; fileEncoding = 4; lastKnownFileType = file.xib; path = WalkthroughPageViewController.xib; sourceTree = "<group>"; };
		BB17E7AE23C3ED8F0089EE9F /* WalkthroughViewController.xib */ = {isa = PBXFileReference; fileEncoding = 4; lastKnownFileType = file.xib; path = WalkthroughViewController.xib; sourceTree = "<group>"; };
		BB17E7B223C4096F0089EE9F /* Launch.storyboard */ = {isa = PBXFileReference; lastKnownFileType = file.storyboard; path = Launch.storyboard; sourceTree = "<group>"; };
		FB565C5E23C3CD8B00F8DE18 /* UserRepresentation.swift */ = {isa = PBXFileReference; lastKnownFileType = sourcecode.swift; path = UserRepresentation.swift; sourceTree = "<group>"; };
		FB565C6023C3CEBB00F8DE18 /* CoreDataStack.swift */ = {isa = PBXFileReference; lastKnownFileType = sourcecode.swift; path = CoreDataStack.swift; sourceTree = "<group>"; };
		FB565C6423C3D5AB00F8DE18 /* FitnessClassRepresentation.swift */ = {isa = PBXFileReference; lastKnownFileType = sourcecode.swift; path = FitnessClassRepresentation.swift; sourceTree = "<group>"; };
		FB565C6623C3D64E00F8DE18 /* Class+Convenience.swift */ = {isa = PBXFileReference; lastKnownFileType = sourcecode.swift; path = "Class+Convenience.swift"; sourceTree = "<group>"; };
		FB85331423C3AD0F0080F651 /* AnywhereFitness.app */ = {isa = PBXFileReference; explicitFileType = wrapper.application; includeInIndex = 0; path = AnywhereFitness.app; sourceTree = BUILT_PRODUCTS_DIR; };
		FB85331723C3AD0F0080F651 /* AppDelegate.swift */ = {isa = PBXFileReference; lastKnownFileType = sourcecode.swift; path = AppDelegate.swift; sourceTree = "<group>"; };
		FB85331923C3AD0F0080F651 /* SceneDelegate.swift */ = {isa = PBXFileReference; lastKnownFileType = sourcecode.swift; path = SceneDelegate.swift; sourceTree = "<group>"; };
		FB85331B23C3AD0F0080F651 /* LoginViewController.swift */ = {isa = PBXFileReference; lastKnownFileType = sourcecode.swift; path = LoginViewController.swift; sourceTree = "<group>"; };
		FB85331E23C3AD0F0080F651 /* Base */ = {isa = PBXFileReference; lastKnownFileType = file.storyboard; name = Base; path = Base.lproj/Main.storyboard; sourceTree = "<group>"; };
		FB85332023C3AD130080F651 /* Assets.xcassets */ = {isa = PBXFileReference; lastKnownFileType = folder.assetcatalog; path = Assets.xcassets; sourceTree = "<group>"; };
		FB85332323C3AD130080F651 /* Base */ = {isa = PBXFileReference; lastKnownFileType = file.storyboard; name = Base; path = Base.lproj/LaunchScreen.storyboard; sourceTree = "<group>"; };
		FB85332523C3AD130080F651 /* Info.plist */ = {isa = PBXFileReference; lastKnownFileType = text.plist.xml; path = Info.plist; sourceTree = "<group>"; };
		FB85332C23C3C0AF0080F651 /* AnywhereFitness.xcdatamodel */ = {isa = PBXFileReference; lastKnownFileType = wrapper.xcdatamodel; path = AnywhereFitness.xcdatamodel; sourceTree = "<group>"; };
		FB85332E23C3C9690080F651 /* User+Convenience.swift */ = {isa = PBXFileReference; lastKnownFileType = sourcecode.swift; path = "User+Convenience.swift"; sourceTree = "<group>"; };
		FBF205FF23C589B800532C78 /* SignUpController.swift */ = {isa = PBXFileReference; lastKnownFileType = sourcecode.swift; path = SignUpController.swift; sourceTree = "<group>"; };
		FBF2060123C5A22C00532C78 /* UserController.swift */ = {isa = PBXFileReference; lastKnownFileType = sourcecode.swift; path = UserController.swift; sourceTree = "<group>"; };
		FBF2060423C5A30300532C78 /* DatabaseController.swift */ = {isa = PBXFileReference; lastKnownFileType = sourcecode.swift; path = DatabaseController.swift; sourceTree = "<group>"; };
		FBF2060623C5A91700532C78 /* id.swift */ = {isa = PBXFileReference; lastKnownFileType = sourcecode.swift; path = id.swift; sourceTree = "<group>"; };
/* End PBXFileReference section */

/* Begin PBXFrameworksBuildPhase section */
		FB85331123C3AD0F0080F651 /* Frameworks */ = {
			isa = PBXFrameworksBuildPhase;
			buildActionMask = 2147483647;
			files = (
			);
			runOnlyForDeploymentPostprocessing = 0;
		};
/* End PBXFrameworksBuildPhase section */

/* Begin PBXGroup section */
		BB17E79123C3DF160089EE9F /* Helpers */ = {
			isa = PBXGroup;
			children = (
				BB17E7A823C3ECFD0089EE9F /* UIColor.swift */,
				BB17E7A623C3ECFC0089EE9F /* UIImage.swift */,
				BB17E7A723C3ECFD0089EE9F /* UIViewController.swift */,
			);
			path = Helpers;
			sourceTree = "<group>";
		};
		BB17E79823C3E26F0089EE9F /* Onboarding View Controllers */ = {
			isa = PBXGroup;
			children = (
				BB17E79923C3E3210089EE9F /* WalkthroughViewController.swift */,
				BB17E7AE23C3ED8F0089EE9F /* WalkthroughViewController.xib */,
				BB17E79B23C3E34B0089EE9F /* WalkthroughPageViewController.swift */,
				BB17E7AC23C3ED7F0089EE9F /* WalkthroughPageViewController.xib */,
			);
			path = "Onboarding View Controllers";
			sourceTree = "<group>";
		};
		FB565C6223C3D4EF00F8DE18 /* CoreData */ = {
			isa = PBXGroup;
			children = (
				FB85332B23C3C0AF0080F651 /* AnywhereFitness.xcdatamodeld */,
				FB85332E23C3C9690080F651 /* User+Convenience.swift */,
				FB565C6623C3D64E00F8DE18 /* Class+Convenience.swift */,
				FB565C6023C3CEBB00F8DE18 /* CoreDataStack.swift */,
			);
			path = CoreData;
			sourceTree = "<group>";
		};
		FB565C6323C3D50B00F8DE18 /* Models */ = {
			isa = PBXGroup;
			children = (
				FB565C6423C3D5AB00F8DE18 /* FitnessClassRepresentation.swift */,
				FB565C5E23C3CD8B00F8DE18 /* UserRepresentation.swift */,
				BB17E7A223C3E4C10089EE9F /* WalkthroughPageModel.swift */,
				FBF2060623C5A91700532C78 /* id.swift */,
			);
			path = Models;
			sourceTree = "<group>";
		};
		FB85330B23C3AD0F0080F651 = {
			isa = PBXGroup;
			children = (
				FB85331623C3AD0F0080F651 /* AnywhereFitness */,
				FB85331523C3AD0F0080F651 /* Products */,
			);
			sourceTree = "<group>";
		};
		FB85331523C3AD0F0080F651 /* Products */ = {
			isa = PBXGroup;
			children = (
				FB85331423C3AD0F0080F651 /* AnywhereFitness.app */,
			);
			name = Products;
			sourceTree = "<group>";
		};
		FB85331623C3AD0F0080F651 /* AnywhereFitness */ = {
			isa = PBXGroup;
			children = (
				FBF205FC23C57F4B00532C78 /* ViewControllers */,
				BB17E79823C3E26F0089EE9F /* Onboarding View Controllers */,
				BB17E79123C3DF160089EE9F /* Helpers */,
				FB85331723C3AD0F0080F651 /* AppDelegate.swift */,
				FB85331923C3AD0F0080F651 /* SceneDelegate.swift */,
				FB565C6223C3D4EF00F8DE18 /* CoreData */,
				FB85331D23C3AD0F0080F651 /* Main.storyboard */,
				BB17E7B223C4096F0089EE9F /* Launch.storyboard */,
				FB565C6323C3D50B00F8DE18 /* Models */,
				FB85332023C3AD130080F651 /* Assets.xcassets */,
				FB85332223C3AD130080F651 /* LaunchScreen.storyboard */,
				FB85332523C3AD130080F651 /* Info.plist */,
				BB17E78723C3B0EA0089EE9F /* User.swift */,
				BB17E7A423C3E5AC0089EE9F /* OnboardingViewController.swift */,
				FBF2060323C5A24100532C78 /* ModelControllers */,
			);
			path = AnywhereFitness;
			sourceTree = "<group>";
		};
		FBF205FC23C57F4B00532C78 /* ViewControllers */ = {
			isa = PBXGroup;
			children = (
				FBF205FF23C589B800532C78 /* SignUpController.swift */,
				FB85331B23C3AD0F0080F651 /* LoginViewController.swift */,
			);
			path = ViewControllers;
			sourceTree = "<group>";
		};
		FBF2060323C5A24100532C78 /* ModelControllers */ = {
			isa = PBXGroup;
			children = (
				FBF2060123C5A22C00532C78 /* UserController.swift */,
				FBF2060423C5A30300532C78 /* DatabaseController.swift */,
			);
			path = ModelControllers;
			sourceTree = "<group>";
		};
/* End PBXGroup section */

/* Begin PBXNativeTarget section */
		FB85331323C3AD0F0080F651 /* AnywhereFitness */ = {
			isa = PBXNativeTarget;
			buildConfigurationList = FB85332823C3AD130080F651 /* Build configuration list for PBXNativeTarget "AnywhereFitness" */;
			buildPhases = (
				FB85331023C3AD0F0080F651 /* Sources */,
				FB85331123C3AD0F0080F651 /* Frameworks */,
				FB85331223C3AD0F0080F651 /* Resources */,
			);
			buildRules = (
			);
			dependencies = (
			);
			name = AnywhereFitness;
			productName = AnywhereFitness;
			productReference = FB85331423C3AD0F0080F651 /* AnywhereFitness.app */;
			productType = "com.apple.product-type.application";
		};
/* End PBXNativeTarget section */

/* Begin PBXProject section */
		FB85330C23C3AD0F0080F651 /* Project object */ = {
			isa = PBXProject;
			attributes = {
				LastSwiftUpdateCheck = 1110;
				LastUpgradeCheck = 1110;
				ORGANIZATIONNAME = Lambda_School_Loaner_219;
				TargetAttributes = {
					FB85331323C3AD0F0080F651 = {
						CreatedOnToolsVersion = 11.1;
					};
				};
			};
			buildConfigurationList = FB85330F23C3AD0F0080F651 /* Build configuration list for PBXProject "AnywhereFitness" */;
			compatibilityVersion = "Xcode 9.3";
			developmentRegion = en;
			hasScannedForEncodings = 0;
			knownRegions = (
				en,
				Base,
			);
			mainGroup = FB85330B23C3AD0F0080F651;
			productRefGroup = FB85331523C3AD0F0080F651 /* Products */;
			projectDirPath = "";
			projectRoot = "";
			targets = (
				FB85331323C3AD0F0080F651 /* AnywhereFitness */,
			);
		};
/* End PBXProject section */

/* Begin PBXResourcesBuildPhase section */
		FB85331223C3AD0F0080F651 /* Resources */ = {
			isa = PBXResourcesBuildPhase;
			buildActionMask = 2147483647;
			files = (
				FB85332423C3AD130080F651 /* LaunchScreen.storyboard in Resources */,
				BB17E7AF23C3ED8F0089EE9F /* WalkthroughViewController.xib in Resources */,
				BB17E7AD23C3ED7F0089EE9F /* WalkthroughPageViewController.xib in Resources */,
				FB85332123C3AD130080F651 /* Assets.xcassets in Resources */,
				FB85331F23C3AD0F0080F651 /* Main.storyboard in Resources */,
				BB17E7B323C4096F0089EE9F /* Launch.storyboard in Resources */,
			);
			runOnlyForDeploymentPostprocessing = 0;
		};
/* End PBXResourcesBuildPhase section */

/* Begin PBXSourcesBuildPhase section */
		FB85331023C3AD0F0080F651 /* Sources */ = {
			isa = PBXSourcesBuildPhase;
			buildActionMask = 2147483647;
			files = (
				BB17E78823C3B0EA0089EE9F /* User.swift in Sources */,
				BB17E79A23C3E3210089EE9F /* WalkthroughViewController.swift in Sources */,
				BB17E79C23C3E34B0089EE9F /* WalkthroughPageViewController.swift in Sources */,
				FB85331C23C3AD0F0080F651 /* LoginViewController.swift in Sources */,
				BB17E7AA23C3ECFD0089EE9F /* UIViewController.swift in Sources */,
				BB17E7A323C3E4C10089EE9F /* WalkthroughPageModel.swift in Sources */,
				FB565C6123C3CEBB00F8DE18 /* CoreDataStack.swift in Sources */,
				FB85331C23C3AD0F0080F651 /* LoginViewController.swift in Sources */,
				FBF2060723C5A91700532C78 /* id.swift in Sources */,
				FB565C5F23C3CD8B00F8DE18 /* UserRepresentation.swift in Sources */,
				FB85331823C3AD0F0080F651 /* AppDelegate.swift in Sources */,
				BB17E7AB23C3ECFD0089EE9F /* UIColor.swift in Sources */,
				BB17E7A923C3ECFD0089EE9F /* UIImage.swift in Sources */,
				FBF2060223C5A22C00532C78 /* UserController.swift in Sources */,
				FB85331A23C3AD0F0080F651 /* SceneDelegate.swift in Sources */,
				BB17E7A523C3E5AC0089EE9F /* OnboardingViewController.swift in Sources */,
				FBF2060023C589B800532C78 /* SignUpController.swift in Sources */,
				FB565C6523C3D5AB00F8DE18 /* FitnessClassRepresentation.swift in Sources */,
				FB85332D23C3C0AF0080F651 /* AnywhereFitness.xcdatamodeld in Sources */,
				FB85332F23C3C9690080F651 /* User+Convenience.swift in Sources */,
				FB565C6723C3D64E00F8DE18 /* Class+Convenience.swift in Sources */,
				FBF2060523C5A30300532C78 /* DatabaseController.swift in Sources */,
			);
			runOnlyForDeploymentPostprocessing = 0;
		};
/* End PBXSourcesBuildPhase section */

/* Begin PBXVariantGroup section */
		FB85331D23C3AD0F0080F651 /* Main.storyboard */ = {
			isa = PBXVariantGroup;
			children = (
				FB85331E23C3AD0F0080F651 /* Base */,
			);
			name = Main.storyboard;
			sourceTree = "<group>";
		};
		FB85332223C3AD130080F651 /* LaunchScreen.storyboard */ = {
			isa = PBXVariantGroup;
			children = (
				FB85332323C3AD130080F651 /* Base */,
			);
			name = LaunchScreen.storyboard;
			sourceTree = "<group>";
		};
/* End PBXVariantGroup section */

/* Begin XCBuildConfiguration section */
		FB85332623C3AD130080F651 /* Debug */ = {
			isa = XCBuildConfiguration;
			buildSettings = {
				ALWAYS_SEARCH_USER_PATHS = NO;
				CLANG_ANALYZER_NONNULL = YES;
				CLANG_ANALYZER_NUMBER_OBJECT_CONVERSION = YES_AGGRESSIVE;
				CLANG_CXX_LANGUAGE_STANDARD = "gnu++14";
				CLANG_CXX_LIBRARY = "libc++";
				CLANG_ENABLE_MODULES = YES;
				CLANG_ENABLE_OBJC_ARC = YES;
				CLANG_ENABLE_OBJC_WEAK = YES;
				CLANG_WARN_BLOCK_CAPTURE_AUTORELEASING = YES;
				CLANG_WARN_BOOL_CONVERSION = YES;
				CLANG_WARN_COMMA = YES;
				CLANG_WARN_CONSTANT_CONVERSION = YES;
				CLANG_WARN_DEPRECATED_OBJC_IMPLEMENTATIONS = YES;
				CLANG_WARN_DIRECT_OBJC_ISA_USAGE = YES_ERROR;
				CLANG_WARN_DOCUMENTATION_COMMENTS = YES;
				CLANG_WARN_EMPTY_BODY = YES;
				CLANG_WARN_ENUM_CONVERSION = YES;
				CLANG_WARN_INFINITE_RECURSION = YES;
				CLANG_WARN_INT_CONVERSION = YES;
				CLANG_WARN_NON_LITERAL_NULL_CONVERSION = YES;
				CLANG_WARN_OBJC_IMPLICIT_RETAIN_SELF = YES;
				CLANG_WARN_OBJC_LITERAL_CONVERSION = YES;
				CLANG_WARN_OBJC_ROOT_CLASS = YES_ERROR;
				CLANG_WARN_RANGE_LOOP_ANALYSIS = YES;
				CLANG_WARN_STRICT_PROTOTYPES = YES;
				CLANG_WARN_SUSPICIOUS_MOVE = YES;
				CLANG_WARN_UNGUARDED_AVAILABILITY = YES_AGGRESSIVE;
				CLANG_WARN_UNREACHABLE_CODE = YES;
				CLANG_WARN__DUPLICATE_METHOD_MATCH = YES;
				COPY_PHASE_STRIP = NO;
				DEBUG_INFORMATION_FORMAT = dwarf;
				ENABLE_STRICT_OBJC_MSGSEND = YES;
				ENABLE_TESTABILITY = YES;
				GCC_C_LANGUAGE_STANDARD = gnu11;
				GCC_DYNAMIC_NO_PIC = NO;
				GCC_NO_COMMON_BLOCKS = YES;
				GCC_OPTIMIZATION_LEVEL = 0;
				GCC_PREPROCESSOR_DEFINITIONS = (
					"DEBUG=1",
					"$(inherited)",
				);
				GCC_WARN_64_TO_32_BIT_CONVERSION = YES;
				GCC_WARN_ABOUT_RETURN_TYPE = YES_ERROR;
				GCC_WARN_UNDECLARED_SELECTOR = YES;
				GCC_WARN_UNINITIALIZED_AUTOS = YES_AGGRESSIVE;
				GCC_WARN_UNUSED_FUNCTION = YES;
				GCC_WARN_UNUSED_VARIABLE = YES;
				IPHONEOS_DEPLOYMENT_TARGET = 13.1;
				MTL_ENABLE_DEBUG_INFO = INCLUDE_SOURCE;
				MTL_FAST_MATH = YES;
				ONLY_ACTIVE_ARCH = YES;
				SDKROOT = iphoneos;
				SWIFT_ACTIVE_COMPILATION_CONDITIONS = DEBUG;
				SWIFT_OPTIMIZATION_LEVEL = "-Onone";
			};
			name = Debug;
		};
		FB85332723C3AD130080F651 /* Release */ = {
			isa = XCBuildConfiguration;
			buildSettings = {
				ALWAYS_SEARCH_USER_PATHS = NO;
				CLANG_ANALYZER_NONNULL = YES;
				CLANG_ANALYZER_NUMBER_OBJECT_CONVERSION = YES_AGGRESSIVE;
				CLANG_CXX_LANGUAGE_STANDARD = "gnu++14";
				CLANG_CXX_LIBRARY = "libc++";
				CLANG_ENABLE_MODULES = YES;
				CLANG_ENABLE_OBJC_ARC = YES;
				CLANG_ENABLE_OBJC_WEAK = YES;
				CLANG_WARN_BLOCK_CAPTURE_AUTORELEASING = YES;
				CLANG_WARN_BOOL_CONVERSION = YES;
				CLANG_WARN_COMMA = YES;
				CLANG_WARN_CONSTANT_CONVERSION = YES;
				CLANG_WARN_DEPRECATED_OBJC_IMPLEMENTATIONS = YES;
				CLANG_WARN_DIRECT_OBJC_ISA_USAGE = YES_ERROR;
				CLANG_WARN_DOCUMENTATION_COMMENTS = YES;
				CLANG_WARN_EMPTY_BODY = YES;
				CLANG_WARN_ENUM_CONVERSION = YES;
				CLANG_WARN_INFINITE_RECURSION = YES;
				CLANG_WARN_INT_CONVERSION = YES;
				CLANG_WARN_NON_LITERAL_NULL_CONVERSION = YES;
				CLANG_WARN_OBJC_IMPLICIT_RETAIN_SELF = YES;
				CLANG_WARN_OBJC_LITERAL_CONVERSION = YES;
				CLANG_WARN_OBJC_ROOT_CLASS = YES_ERROR;
				CLANG_WARN_RANGE_LOOP_ANALYSIS = YES;
				CLANG_WARN_STRICT_PROTOTYPES = YES;
				CLANG_WARN_SUSPICIOUS_MOVE = YES;
				CLANG_WARN_UNGUARDED_AVAILABILITY = YES_AGGRESSIVE;
				CLANG_WARN_UNREACHABLE_CODE = YES;
				CLANG_WARN__DUPLICATE_METHOD_MATCH = YES;
				COPY_PHASE_STRIP = NO;
				DEBUG_INFORMATION_FORMAT = "dwarf-with-dsym";
				ENABLE_NS_ASSERTIONS = NO;
				ENABLE_STRICT_OBJC_MSGSEND = YES;
				GCC_C_LANGUAGE_STANDARD = gnu11;
				GCC_NO_COMMON_BLOCKS = YES;
				GCC_WARN_64_TO_32_BIT_CONVERSION = YES;
				GCC_WARN_ABOUT_RETURN_TYPE = YES_ERROR;
				GCC_WARN_UNDECLARED_SELECTOR = YES;
				GCC_WARN_UNINITIALIZED_AUTOS = YES_AGGRESSIVE;
				GCC_WARN_UNUSED_FUNCTION = YES;
				GCC_WARN_UNUSED_VARIABLE = YES;
				IPHONEOS_DEPLOYMENT_TARGET = 13.1;
				MTL_ENABLE_DEBUG_INFO = NO;
				MTL_FAST_MATH = YES;
				SDKROOT = iphoneos;
				SWIFT_COMPILATION_MODE = wholemodule;
				SWIFT_OPTIMIZATION_LEVEL = "-O";
				VALIDATE_PRODUCT = YES;
			};
			name = Release;
		};
		FB85332923C3AD130080F651 /* Debug */ = {
			isa = XCBuildConfiguration;
			buildSettings = {
				ASSETCATALOG_COMPILER_APPICON_NAME = AppIcon;
				CODE_SIGN_STYLE = Automatic;
				DEVELOPMENT_TEAM = 4JYCUK7B5K;
				INFOPLIST_FILE = AnywhereFitness/Info.plist;
				LD_RUNPATH_SEARCH_PATHS = (
					"$(inherited)",
					"@executable_path/Frameworks",
				);
				PRODUCT_BUNDLE_IDENTIFIER = lambda.AnywhereFitness;
				PRODUCT_NAME = "$(TARGET_NAME)";
				SWIFT_VERSION = 5.0;
				TARGETED_DEVICE_FAMILY = "1,2";
			};
			name = Debug;
		};
		FB85332A23C3AD130080F651 /* Release */ = {
			isa = XCBuildConfiguration;
			buildSettings = {
				ASSETCATALOG_COMPILER_APPICON_NAME = AppIcon;
				CODE_SIGN_STYLE = Automatic;
				DEVELOPMENT_TEAM = 4JYCUK7B5K;
				INFOPLIST_FILE = AnywhereFitness/Info.plist;
				LD_RUNPATH_SEARCH_PATHS = (
					"$(inherited)",
					"@executable_path/Frameworks",
				);
				PRODUCT_BUNDLE_IDENTIFIER = lambda.AnywhereFitness;
				PRODUCT_NAME = "$(TARGET_NAME)";
				SWIFT_VERSION = 5.0;
				TARGETED_DEVICE_FAMILY = "1,2";
			};
			name = Release;
		};
/* End XCBuildConfiguration section */

/* Begin XCConfigurationList section */
		FB85330F23C3AD0F0080F651 /* Build configuration list for PBXProject "AnywhereFitness" */ = {
			isa = XCConfigurationList;
			buildConfigurations = (
				FB85332623C3AD130080F651 /* Debug */,
				FB85332723C3AD130080F651 /* Release */,
			);
			defaultConfigurationIsVisible = 0;
			defaultConfigurationName = Release;
		};
		FB85332823C3AD130080F651 /* Build configuration list for PBXNativeTarget "AnywhereFitness" */ = {
			isa = XCConfigurationList;
			buildConfigurations = (
				FB85332923C3AD130080F651 /* Debug */,
				FB85332A23C3AD130080F651 /* Release */,
			);
			defaultConfigurationIsVisible = 0;
			defaultConfigurationName = Release;
		};
/* End XCConfigurationList section */

/* Begin XCVersionGroup section */
		FB85332B23C3C0AF0080F651 /* AnywhereFitness.xcdatamodeld */ = {
			isa = XCVersionGroup;
			children = (
				FB85332C23C3C0AF0080F651 /* AnywhereFitness.xcdatamodel */,
			);
			currentVersion = FB85332C23C3C0AF0080F651 /* AnywhereFitness.xcdatamodel */;
			path = AnywhereFitness.xcdatamodeld;
			sourceTree = "<group>";
			versionGroupType = wrapper.xcdatamodel;
		};
/* End XCVersionGroup section */
	};
	rootObject = FB85330C23C3AD0F0080F651 /* Project object */;
}
